
Microsoft Visual Studio Solution File, Format Version 12.00
# Visual Studio Version 16
VisualStudioVersion = 16.0.31729.503
MinimumVisualStudioVersion = 10.0.40219.1
Project("{FAE04EC0-301F-11D3-BF4B-00C04F79EFBC}") = "MaciejDemuchaLab4", "MaciejDemuchaLab4\MaciejDemuchaLab4.csproj", "{21AB903E-7160-4739-BB27-0982DBD0D533}"
EndProject
Global
	GlobalSection(SolutionConfigurationPlatforms) = preSolution
		Debug|Any CPU = Debug|Any CPU
		Release|Any CPU = Release|Any CPU
	EndGlobalSection
	GlobalSection(ProjectConfigurationPlatforms) = postSolution
		{21AB903E-7160-4739-BB27-0982DBD0D533}.Debug|Any CPU.ActiveCfg = Debug|Any CPU
		{21AB903E-7160-4739-BB27-0982DBD0D533}.Debug|Any CPU.Build.0 = Debug|Any CPU
		{21AB903E-7160-4739-BB27-0982DBD0D533}.Release|Any CPU.ActiveCfg = Release|Any CPU
		{21AB903E-7160-4739-BB27-0982DBD0D533}.Release|Any CPU.Build.0 = Release|Any CPU
	EndGlobalSection
	GlobalSection(SolutionProperties) = preSolution
		HideSolutionNode = FALSE
	EndGlobalSection
	GlobalSection(ExtensibilityGlobals) = postSolution
		SolutionGuid = {B8AFB70E-F38B-47E5-85F8-1EB8ED0DAD81}
	EndGlobalSection
EndGlobal
